// !$*UTF8*$!
{
	archiveVersion = 1;
	classes = {
	};
	objectVersion = 48;
	objects = {

/* Begin PBXBuildFile section */
		04722A9C20858E5400BEF296 /* AVFoundation.framework in Frameworks */ = {isa = PBXBuildFile; fileRef = 04722A9B20858E5400BEF296 /* AVFoundation.framework */; };
		04722AA22085D4A500BEF296 /* UserRecordTemp.wav in Resources */ = {isa = PBXBuildFile; fileRef = 04722AA12085D4A500BEF296 /* UserRecordTemp.wav */; };
		04722AE22085F69B00BEF296 /* 谢谢你的温柔.mp3 in Resources */ = {isa = PBXBuildFile; fileRef = 04722AE12085F69B00BEF296 /* 谢谢你的温柔.mp3 */; };
		047DC2B7208733180046DFA4 /* AudioToolbox.framework in Frameworks */ = {isa = PBXBuildFile; fileRef = 047DC2B6208733180046DFA4 /* AudioToolbox.framework */; };
		04AE70692084AAE600A3F98E /* AppDelegate.m in Sources */ = {isa = PBXBuildFile; fileRef = 04AE70682084AAE600A3F98E /* AppDelegate.m */; };
		04AE706C2084AAE600A3F98E /* ViewController.m in Sources */ = {isa = PBXBuildFile; fileRef = 04AE706B2084AAE600A3F98E /* ViewController.m */; };
		04AE706F2084AAE600A3F98E /* Main.storyboard in Resources */ = {isa = PBXBuildFile; fileRef = 04AE706D2084AAE600A3F98E /* Main.storyboard */; };
		04AE70712084AAE600A3F98E /* Assets.xcassets in Resources */ = {isa = PBXBuildFile; fileRef = 04AE70702084AAE600A3F98E /* Assets.xcassets */; };
		04AE70742084AAE600A3F98E /* LaunchScreen.storyboard in Resources */ = {isa = PBXBuildFile; fileRef = 04AE70722084AAE600A3F98E /* LaunchScreen.storyboard */; };
		04AE70772084AAE600A3F98E /* main.m in Sources */ = {isa = PBXBuildFile; fileRef = 04AE70762084AAE600A3F98E /* main.m */; };
		04AE70812084AAE600A3F98E /* audioPlayerTests.m in Sources */ = {isa = PBXBuildFile; fileRef = 04AE70802084AAE600A3F98E /* audioPlayerTests.m */; };
		04AE708C2084AAE600A3F98E /* audioPlayerUITests.m in Sources */ = {isa = PBXBuildFile; fileRef = 04AE708B2084AAE600A3F98E /* audioPlayerUITests.m */; };
/* End PBXBuildFile section */

/* Begin PBXContainerItemProxy section */
		04AE707D2084AAE600A3F98E /* PBXContainerItemProxy */ = {
			isa = PBXContainerItemProxy;
			containerPortal = 04AE705C2084AAE600A3F98E /* Project object */;
			proxyType = 1;
			remoteGlobalIDString = 04AE70632084AAE600A3F98E;
			remoteInfo = audioPlayer;
		};
		04AE70882084AAE600A3F98E /* PBXContainerItemProxy */ = {
			isa = PBXContainerItemProxy;
			containerPortal = 04AE705C2084AAE600A3F98E /* Project object */;
			proxyType = 1;
			remoteGlobalIDString = 04AE70632084AAE600A3F98E;
			remoteInfo = audioPlayer;
		};
/* End PBXContainerItemProxy section */

/* Begin PBXFileReference section */
		04722A9B20858E5400BEF296 /* AVFoundation.framework */ = {isa = PBXFileReference; lastKnownFileType = wrapper.framework; name = AVFoundation.framework; path = System/Library/Frameworks/AVFoundation.framework; sourceTree = SDKROOT; };
		04722AA12085D4A500BEF296 /* UserRecordTemp.wav */ = {isa = PBXFileReference; lastKnownFileType = audio.wav; path = UserRecordTemp.wav; sourceTree = "<group>"; };
		04722AE12085F69B00BEF296 /* 谢谢你的温柔.mp3 */ = {isa = PBXFileReference; lastKnownFileType = audio.mp3; path = "谢谢你的温柔.mp3"; sourceTree = "<group>"; };
		047DC2B6208733180046DFA4 /* AudioToolbox.framework */ = {isa = PBXFileReference; lastKnownFileType = wrapper.framework; name = AudioToolbox.framework; path = System/Library/Frameworks/AudioToolbox.framework; sourceTree = SDKROOT; };
		04AE70642084AAE600A3F98E /* audioPlayer.app */ = {isa = PBXFileReference; explicitFileType = wrapper.application; includeInIndex = 0; path = audioPlayer.app; sourceTree = BUILT_PRODUCTS_DIR; };
		04AE70672084AAE600A3F98E /* AppDelegate.h */ = {isa = PBXFileReference; lastKnownFileType = sourcecode.c.h; path = AppDelegate.h; sourceTree = "<group>"; };
		04AE70682084AAE600A3F98E /* AppDelegate.m */ = {isa = PBXFileReference; lastKnownFileType = sourcecode.c.objc; path = AppDelegate.m; sourceTree = "<group>"; };
		04AE706A2084AAE600A3F98E /* ViewController.h */ = {isa = PBXFileReference; lastKnownFileType = sourcecode.c.h; path = ViewController.h; sourceTree = "<group>"; };
		04AE706B2084AAE600A3F98E /* ViewController.m */ = {isa = PBXFileReference; lastKnownFileType = sourcecode.c.objc; path = ViewController.m; sourceTree = "<group>"; };
		04AE706E2084AAE600A3F98E /* Base */ = {isa = PBXFileReference; lastKnownFileType = file.storyboard; name = Base; path = Base.lproj/Main.storyboard; sourceTree = "<group>"; };
		04AE70702084AAE600A3F98E /* Assets.xcassets */ = {isa = PBXFileReference; lastKnownFileType = folder.assetcatalog; path = Assets.xcassets; sourceTree = "<group>"; };
		04AE70732084AAE600A3F98E /* Base */ = {isa = PBXFileReference; lastKnownFileType = file.storyboard; name = Base; path = Base.lproj/LaunchScreen.storyboard; sourceTree = "<group>"; };
		04AE70752084AAE600A3F98E /* Info.plist */ = {isa = PBXFileReference; lastKnownFileType = text.plist.xml; path = Info.plist; sourceTree = "<group>"; };
		04AE70762084AAE600A3F98E /* main.m */ = {isa = PBXFileReference; lastKnownFileType = sourcecode.c.objc; path = main.m; sourceTree = "<group>"; };
		04AE707C2084AAE600A3F98E /* audioPlayerTests.xctest */ = {isa = PBXFileReference; explicitFileType = wrapper.cfbundle; includeInIndex = 0; path = audioPlayerTests.xctest; sourceTree = BUILT_PRODUCTS_DIR; };
		04AE70802084AAE600A3F98E /* audioPlayerTests.m */ = {isa = PBXFileReference; lastKnownFileType = sourcecode.c.objc; path = audioPlayerTests.m; sourceTree = "<group>"; };
		04AE70822084AAE600A3F98E /* Info.plist */ = {isa = PBXFileReference; lastKnownFileType = text.plist.xml; path = Info.plist; sourceTree = "<group>"; };
		04AE70872084AAE600A3F98E /* audioPlayerUITests.xctest */ = {isa = PBXFileReference; explicitFileType = wrapper.cfbundle; includeInIndex = 0; path = audioPlayerUITests.xctest; sourceTree = BUILT_PRODUCTS_DIR; };
		04AE708B2084AAE600A3F98E /* audioPlayerUITests.m */ = {isa = PBXFileReference; lastKnownFileType = sourcecode.c.objc; path = audioPlayerUITests.m; sourceTree = "<group>"; };
		04AE708D2084AAE600A3F98E /* Info.plist */ = {isa = PBXFileReference; lastKnownFileType = text.plist.xml; path = Info.plist; sourceTree = "<group>"; };
/* End PBXFileReference section */

/* Begin PBXFrameworksBuildPhase section */
		04AE70612084AAE600A3F98E /* Frameworks */ = {
			isa = PBXFrameworksBuildPhase;
			buildActionMask = 2147483647;
			files = (
				047DC2B7208733180046DFA4 /* AudioToolbox.framework in Frameworks */,
				04722A9C20858E5400BEF296 /* AVFoundation.framework in Frameworks */,
			);
			runOnlyForDeploymentPostprocessing = 0;
		};
		04AE70792084AAE600A3F98E /* Frameworks */ = {
			isa = PBXFrameworksBuildPhase;
			buildActionMask = 2147483647;
			files = (
			);
			runOnlyForDeploymentPostprocessing = 0;
		};
		04AE70842084AAE600A3F98E /* Frameworks */ = {
			isa = PBXFrameworksBuildPhase;
			buildActionMask = 2147483647;
			files = (
			);
			runOnlyForDeploymentPostprocessing = 0;
		};
/* End PBXFrameworksBuildPhase section */

/* Begin PBXGroup section */
		04722A9A20858E5300BEF296 /* Frameworks */ = {
			isa = PBXGroup;
			children = (
				047DC2B6208733180046DFA4 /* AudioToolbox.framework */,
				04722A9B20858E5400BEF296 /* AVFoundation.framework */,
			);
			name = Frameworks;
			sourceTree = "<group>";
		};
		04AE705B2084AAE600A3F98E = {
			isa = PBXGroup;
			children = (
				04AE70662084AAE600A3F98E /* audioPlayer */,
				04AE707F2084AAE600A3F98E /* audioPlayerTests */,
				04AE708A2084AAE600A3F98E /* audioPlayerUITests */,
				04AE70652084AAE600A3F98E /* Products */,
				04722A9A20858E5300BEF296 /* Frameworks */,
			);
			sourceTree = "<group>";
		};
		04AE70652084AAE600A3F98E /* Products */ = {
			isa = PBXGroup;
			children = (
				04AE70642084AAE600A3F98E /* audioPlayer.app */,
				04AE707C2084AAE600A3F98E /* audioPlayerTests.xctest */,
				04AE70872084AAE600A3F98E /* audioPlayerUITests.xctest */,
			);
			name = Products;
			sourceTree = "<group>";
		};
		04AE70662084AAE600A3F98E /* audioPlayer */ = {
			isa = PBXGroup;
			children = (
				04722AA12085D4A500BEF296 /* UserRecordTemp.wav */,
				04722AE12085F69B00BEF296 /* 谢谢你的温柔.mp3 */,
				04AE70672084AAE600A3F98E /* AppDelegate.h */,
				04AE70682084AAE600A3F98E /* AppDelegate.m */,
				04AE706A2084AAE600A3F98E /* ViewController.h */,
				04AE706B2084AAE600A3F98E /* ViewController.m */,
				04AE706D2084AAE600A3F98E /* Main.storyboard */,
				04AE70702084AAE600A3F98E /* Assets.xcassets */,
				04AE70722084AAE600A3F98E /* LaunchScreen.storyboard */,
				04AE70752084AAE600A3F98E /* Info.plist */,
				04AE70762084AAE600A3F98E /* main.m */,
			);
			path = audioPlayer;
			sourceTree = "<group>";
		};
		04AE707F2084AAE600A3F98E /* audioPlayerTests */ = {
			isa = PBXGroup;
			children = (
				04AE70802084AAE600A3F98E /* audioPlayerTests.m */,
				04AE70822084AAE600A3F98E /* Info.plist */,
			);
			path = audioPlayerTests;
			sourceTree = "<group>";
		};
		04AE708A2084AAE600A3F98E /* audioPlayerUITests */ = {
			isa = PBXGroup;
			children = (
				04AE708B2084AAE600A3F98E /* audioPlayerUITests.m */,
				04AE708D2084AAE600A3F98E /* Info.plist */,
			);
			path = audioPlayerUITests;
			sourceTree = "<group>";
		};
/* End PBXGroup section */

/* Begin PBXNativeTarget section */
		04AE70632084AAE600A3F98E /* audioPlayer */ = {
			isa = PBXNativeTarget;
			buildConfigurationList = 04AE70902084AAE600A3F98E /* Build configuration list for PBXNativeTarget "audioPlayer" */;
			buildPhases = (
				04AE70602084AAE600A3F98E /* Sources */,
				04AE70612084AAE600A3F98E /* Frameworks */,
				04AE70622084AAE600A3F98E /* Resources */,
			);
			buildRules = (
			);
			dependencies = (
			);
			name = audioPlayer;
			productName = audioPlayer;
			productReference = 04AE70642084AAE600A3F98E /* audioPlayer.app */;
			productType = "com.apple.product-type.application";
		};
		04AE707B2084AAE600A3F98E /* audioPlayerTests */ = {
			isa = PBXNativeTarget;
			buildConfigurationList = 04AE70932084AAE600A3F98E /* Build configuration list for PBXNativeTarget "audioPlayerTests" */;
			buildPhases = (
				04AE70782084AAE600A3F98E /* Sources */,
				04AE70792084AAE600A3F98E /* Frameworks */,
				04AE707A2084AAE600A3F98E /* Resources */,
			);
			buildRules = (
			);
			dependencies = (
				04AE707E2084AAE600A3F98E /* PBXTargetDependency */,
			);
			name = audioPlayerTests;
			productName = audioPlayerTests;
			productReference = 04AE707C2084AAE600A3F98E /* audioPlayerTests.xctest */;
			productType = "com.apple.product-type.bundle.unit-test";
		};
		04AE70862084AAE600A3F98E /* audioPlayerUITests */ = {
			isa = PBXNativeTarget;
			buildConfigurationList = 04AE70962084AAE600A3F98E /* Build configuration list for PBXNativeTarget "audioPlayerUITests" */;
			buildPhases = (
				04AE70832084AAE600A3F98E /* Sources */,
				04AE70842084AAE600A3F98E /* Frameworks */,
				04AE70852084AAE600A3F98E /* Resources */,
			);
			buildRules = (
			);
			dependencies = (
				04AE70892084AAE600A3F98E /* PBXTargetDependency */,
			);
			name = audioPlayerUITests;
			productName = audioPlayerUITests;
			productReference = 04AE70872084AAE600A3F98E /* audioPlayerUITests.xctest */;
			productType = "com.apple.product-type.bundle.ui-testing";
		};
/* End PBXNativeTarget section */

/* Begin PBXProject section */
		04AE705C2084AAE600A3F98E /* Project object */ = {
			isa = PBXProject;
			attributes = {
				LastUpgradeCheck = 0920;
				ORGANIZATIONNAME = mac;
				TargetAttributes = {
					04AE70632084AAE600A3F98E = {
						CreatedOnToolsVersion = 9.2;
						ProvisioningStyle = Automatic;
					};
					04AE707B2084AAE600A3F98E = {
						CreatedOnToolsVersion = 9.2;
						ProvisioningStyle = Automatic;
						TestTargetID = 04AE70632084AAE600A3F98E;
					};
					04AE70862084AAE600A3F98E = {
						CreatedOnToolsVersion = 9.2;
						ProvisioningStyle = Automatic;
						TestTargetID = 04AE70632084AAE600A3F98E;
					};
				};
			};
			buildConfigurationList = 04AE705F2084AAE600A3F98E /* Build configuration list for PBXProject "audioPlayer" */;
			compatibilityVersion = "Xcode 8.0";
			developmentRegion = en;
			hasScannedForEncodings = 0;
			knownRegions = (
				en,
				Base,
			);
			mainGroup = 04AE705B2084AAE600A3F98E;
			productRefGroup = 04AE70652084AAE600A3F98E /* Products */;
			projectDirPath = "";
			projectRoot = "";
			targets = (
				04AE70632084AAE600A3F98E /* audioPlayer */,
				04AE707B2084AAE600A3F98E /* audioPlayerTests */,
				04AE70862084AAE600A3F98E /* audioPlayerUITests */,
			);
		};
/* End PBXProject section */

/* Begin PBXResourcesBuildPhase section */
		04AE70622084AAE600A3F98E /* Resources */ = {
			isa = PBXResourcesBuildPhase;
			buildActionMask = 2147483647;
			files = (
				04722AE22085F69B00BEF296 /* 谢谢你的温柔.mp3 in Resources */,
				04AE70742084AAE600A3F98E /* LaunchScreen.storyboard in Resources */,
				04AE70712084AAE600A3F98E /* Assets.xcassets in Resources */,
				04AE706F2084AAE600A3F98E /* Main.storyboard in Resources */,
				04722AA22085D4A500BEF296 /* UserRecordTemp.wav in Resources */,
			);
			runOnlyForDeploymentPostprocessing = 0;
		};
		04AE707A2084AAE600A3F98E /* Resources */ = {
			isa = PBXResourcesBuildPhase;
			buildActionMask = 2147483647;
			files = (
			);
			runOnlyForDeploymentPostprocessing = 0;
		};
		04AE70852084AAE600A3F98E /* Resources */ = {
			isa = PBXResourcesBuildPhase;
			buildActionMask = 2147483647;
			files = (
			);
			runOnlyForDeploymentPostprocessing = 0;
		};
/* End PBXResourcesBuildPhase section */

/* Begin PBXSourcesBuildPhase section */
		04AE70602084AAE600A3F98E /* Sources */ = {
			isa = PBXSourcesBuildPhase;
			buildActionMask = 2147483647;
			files = (
				04AE706C2084AAE600A3F98E /* ViewController.m in Sources */,
				04AE70772084AAE600A3F98E /* main.m in Sources */,
				04AE70692084AAE600A3F98E /* AppDelegate.m in Sources */,
			);
			runOnlyForDeploymentPostprocessing = 0;
		};
		04AE70782084AAE600A3F98E /* Sources */ = {
			isa = PBXSourcesBuildPhase;
			buildActionMask = 2147483647;
			files = (
				04AE70812084AAE600A3F98E /* audioPlayerTests.m in Sources */,
			);
			runOnlyForDeploymentPostprocessing = 0;
		};
		04AE70832084AAE600A3F98E /* Sources */ = {
			isa = PBXSourcesBuildPhase;
			buildActionMask = 2147483647;
			files = (
				04AE708C2084AAE600A3F98E /* audioPlayerUITests.m in Sources */,
			);
			runOnlyForDeploymentPostprocessing = 0;
		};
/* End PBXSourcesBuildPhase section */

/* Begin PBXTargetDependency section */
		04AE707E2084AAE600A3F98E /* PBXTargetDependency */ = {
			isa = PBXTargetDependency;
			target = 04AE70632084AAE600A3F98E /* audioPlayer */;
			targetProxy = 04AE707D2084AAE600A3F98E /* PBXContainerItemProxy */;
		};
		04AE70892084AAE600A3F98E /* PBXTargetDependency */ = {
			isa = PBXTargetDependency;
			target = 04AE70632084AAE600A3F98E /* audioPlayer */;
			targetProxy = 04AE70882084AAE600A3F98E /* PBXContainerItemProxy */;
		};
/* End PBXTargetDependency section */

/* Begin PBXVariantGroup section */
		04AE706D2084AAE600A3F98E /* Main.storyboard */ = {
			isa = PBXVariantGroup;
			children = (
				04AE706E2084AAE600A3F98E /* Base */,
			);
			name = Main.storyboard;
			sourceTree = "<group>";
		};
		04AE70722084AAE600A3F98E /* LaunchScreen.storyboard */ = {
			isa = PBXVariantGroup;
			children = (
				04AE70732084AAE600A3F98E /* Base */,
			);
			name = LaunchScreen.storyboard;
			sourceTree = "<group>";
		};
/* End PBXVariantGroup section */

/* Begin XCBuildConfiguration section */
		04AE708E2084AAE600A3F98E /* Debug */ = {
			isa = XCBuildConfiguration;
			buildSettings = {
				ALWAYS_SEARCH_USER_PATHS = NO;
				CLANG_ANALYZER_NONNULL = YES;
				CLANG_ANALYZER_NUMBER_OBJECT_CONVERSION = YES_AGGRESSIVE;
				CLANG_CXX_LANGUAGE_STANDARD = "gnu++14";
				CLANG_CXX_LIBRARY = "libc++";
				CLANG_ENABLE_MODULES = YES;
				CLANG_ENABLE_OBJC_ARC = YES;
				CLANG_WARN_BLOCK_CAPTURE_AUTORELEASING = YES;
				CLANG_WARN_BOOL_CONVERSION = YES;
				CLANG_WARN_COMMA = YES;
				CLANG_WARN_CONSTANT_CONVERSION = YES;
				CLANG_WARN_DIRECT_OBJC_ISA_USAGE = YES_ERROR;
				CLANG_WARN_DOCUMENTATION_COMMENTS = YES;
				CLANG_WARN_EMPTY_BODY = YES;
				CLANG_WARN_ENUM_CONVERSION = YES;
				CLANG_WARN_INFINITE_RECURSION = YES;
				CLANG_WARN_INT_CONVERSION = YES;
				CLANG_WARN_NON_LITERAL_NULL_CONVERSION = YES;
				CLANG_WARN_OBJC_LITERAL_CONVERSION = YES;
				CLANG_WARN_OBJC_ROOT_CLASS = YES_ERROR;
				CLANG_WARN_RANGE_LOOP_ANALYSIS = YES;
				CLANG_WARN_STRICT_PROTOTYPES = YES;
				CLANG_WARN_SUSPICIOUS_MOVE = YES;
				CLANG_WARN_UNGUARDED_AVAILABILITY = YES_AGGRESSIVE;
				CLANG_WARN_UNREACHABLE_CODE = YES;
				CLANG_WARN__DUPLICATE_METHOD_MATCH = YES;
				CODE_SIGN_IDENTITY = "iPhone Developer";
				COPY_PHASE_STRIP = NO;
				DEBUG_INFORMATION_FORMAT = dwarf;
				ENABLE_STRICT_OBJC_MSGSEND = YES;
				ENABLE_TESTABILITY = YES;
				GCC_C_LANGUAGE_STANDARD = gnu11;
				GCC_DYNAMIC_NO_PIC = NO;
				GCC_NO_COMMON_BLOCKS = YES;
				GCC_OPTIMIZATION_LEVEL = 0;
				GCC_PREPROCESSOR_DEFINITIONS = (
					"DEBUG=1",
					"$(inherited)",
				);
				GCC_WARN_64_TO_32_BIT_CONVERSION = YES;
				GCC_WARN_ABOUT_RETURN_TYPE = YES_ERROR;
				GCC_WARN_UNDECLARED_SELECTOR = YES;
				GCC_WARN_UNINITIALIZED_AUTOS = YES_AGGRESSIVE;
				GCC_WARN_UNUSED_FUNCTION = YES;
				GCC_WARN_UNUSED_VARIABLE = YES;
				IPHONEOS_DEPLOYMENT_TARGET = 11.2;
				MTL_ENABLE_DEBUG_INFO = YES;
				ONLY_ACTIVE_ARCH = YES;
				SDKROOT = iphoneos;
			};
			name = Debug;
		};
		04AE708F2084AAE600A3F98E /* Release */ = {
			isa = XCBuildConfiguration;
			buildSettings = {
				ALWAYS_SEARCH_USER_PATHS = NO;
				CLANG_ANALYZER_NONNULL = YES;
				CLANG_ANALYZER_NUMBER_OBJECT_CONVERSION = YES_AGGRESSIVE;
				CLANG_CXX_LANGUAGE_STANDARD = "gnu++14";
				CLANG_CXX_LIBRARY = "libc++";
				CLANG_ENABLE_MODULES = YES;
				CLANG_ENABLE_OBJC_ARC = YES;
				CLANG_WARN_BLOCK_CAPTURE_AUTORELEASING = YES;
				CLANG_WARN_BOOL_CONVERSION = YES;
				CLANG_WARN_COMMA = YES;
				CLANG_WARN_CONSTANT_CONVERSION = YES;
				CLANG_WARN_DIRECT_OBJC_ISA_USAGE = YES_ERROR;
				CLANG_WARN_DOCUMENTATION_COMMENTS = YES;
				CLANG_WARN_EMPTY_BODY = YES;
				CLANG_WARN_ENUM_CONVERSION = YES;
				CLANG_WARN_INFINITE_RECURSION = YES;
				CLANG_WARN_INT_CONVERSION = YES;
				CLANG_WARN_NON_LITERAL_NULL_CONVERSION = YES;
				CLANG_WARN_OBJC_LITERAL_CONVERSION = YES;
				CLANG_WARN_OBJC_ROOT_CLASS = YES_ERROR;
				CLANG_WARN_RANGE_LOOP_ANALYSIS = YES;
				CLANG_WARN_STRICT_PROTOTYPES = YES;
				CLANG_WARN_SUSPICIOUS_MOVE = YES;
				CLANG_WARN_UNGUARDED_AVAILABILITY = YES_AGGRESSIVE;
				CLANG_WARN_UNREACHABLE_CODE = YES;
				CLANG_WARN__DUPLICATE_METHOD_MATCH = YES;
				CODE_SIGN_IDENTITY = "iPhone Developer";
				COPY_PHASE_STRIP = NO;
				DEBUG_INFORMATION_FORMAT = "dwarf-with-dsym";
				ENABLE_NS_ASSERTIONS = NO;
				ENABLE_STRICT_OBJC_MSGSEND = YES;
				GCC_C_LANGUAGE_STANDARD = gnu11;
				GCC_NO_COMMON_BLOCKS = YES;
				GCC_WARN_64_TO_32_BIT_CONVERSION = YES;
				GCC_WARN_ABOUT_RETURN_TYPE = YES_ERROR;
				GCC_WARN_UNDECLARED_SELECTOR = YES;
				GCC_WARN_UNINITIALIZED_AUTOS = YES_AGGRESSIVE;
				GCC_WARN_UNUSED_FUNCTION = YES;
				GCC_WARN_UNUSED_VARIABLE = YES;
				IPHONEOS_DEPLOYMENT_TARGET = 11.2;
				MTL_ENABLE_DEBUG_INFO = NO;
				SDKROOT = iphoneos;
				VALIDATE_PRODUCT = YES;
			};
			name = Release;
		};
		04AE70912084AAE600A3F98E /* Debug */ = {
			isa = XCBuildConfiguration;
			buildSettings = {
				ASSETCATALOG_COMPILER_APPICON_NAME = AppIcon;
				CODE_SIGN_STYLE = Automatic;
				DEVELOPMENT_TEAM = P45U7JGCY6;
				INFOPLIST_FILE = audioPlayer/Info.plist;
				IPHONEOS_DEPLOYMENT_TARGET = 9.1;
				LD_RUNPATH_SEARCH_PATHS = "$(inherited) @executable_path/Frameworks";
				PRODUCT_BUNDLE_IDENTIFIER = com.test.hearer.test;
				PRODUCT_NAME = "$(TARGET_NAME)";
				TARGETED_DEVICE_FAMILY = "1,2";
			};
			name = Debug;
		};
		04AE70922084AAE600A3F98E /* Release */ = {
			isa = XCBuildConfiguration;
			buildSettings = {
				ASSETCATALOG_COMPILER_APPICON_NAME = AppIcon;
				CODE_SIGN_STYLE = Automatic;
				DEVELOPMENT_TEAM = P45U7JGCY6;
				INFOPLIST_FILE = audioPlayer/Info.plist;
				IPHONEOS_DEPLOYMENT_TARGET = 9.1;
				LD_RUNPATH_SEARCH_PATHS = "$(inherited) @executable_path/Frameworks";
				PRODUCT_BUNDLE_IDENTIFIER = com.test.hearer.test;
				PRODUCT_NAME = "$(TARGET_NAME)";
				TARGETED_DEVICE_FAMILY = "1,2";
			};
			name = Release;
		};
		04AE70942084AAE600A3F98E /* Debug */ = {
			isa = XCBuildConfiguration;
			buildSettings = {
				BUNDLE_LOADER = "$(TEST_HOST)";
				CODE_SIGN_STYLE = Automatic;
				INFOPLIST_FILE = audioPlayerTests/Info.plist;
				LD_RUNPATH_SEARCH_PATHS = "$(inherited) @executable_path/Frameworks @loader_path/Frameworks";
				PRODUCT_BUNDLE_IDENTIFIER = test.audioPlayerTests;
				PRODUCT_NAME = "$(TARGET_NAME)";
				TARGETED_DEVICE_FAMILY = "1,2";
				TEST_HOST = "$(BUILT_PRODUCTS_DIR)/audioPlayer.app/audioPlayer";
			};
			name = Debug;
		};
		04AE70952084AAE600A3F98E /* Release */ = {
			isa = XCBuildConfiguration;
			buildSettings = {
				BUNDLE_LOADER = "$(TEST_HOST)";
				CODE_SIGN_STYLE = Automatic;
				INFOPLIST_FILE = audioPlayerTests/Info.plist;
				LD_RUNPATH_SEARCH_PATHS = "$(inherited) @executable_path/Frameworks @loader_path/Frameworks";
				PRODUCT_BUNDLE_IDENTIFIER = test.audioPlayerTests;
				PRODUCT_NAME = "$(TARGET_NAME)";
				TARGETED_DEVICE_FAMILY = "1,2";
				TEST_HOST = "$(BUILT_PRODUCTS_DIR)/audioPlayer.app/audioPlayer";
			};
			name = Release;
		};
		04AE70972084AAE600A3F98E /* Debug */ = {
			isa = XCBuildConfiguration;
			buildSettings = {
				CODE_SIGN_STYLE = Automatic;
				INFOPLIST_FILE = audioPlayerUITests/Info.plist;
				LD_RUNPATH_SEARCH_PATHS = "$(inherited) @executable_path/Frameworks @loader_path/Frameworks";
				PRODUCT_BUNDLE_IDENTIFIER = test.audioPlayerUITests;
				PRODUCT_NAME = "$(TARGET_NAME)";
				TARGETED_DEVICE_FAMILY = "1,2";
				TEST_TARGET_NAME = audioPlayer;
			};
			name = Debug;
		};
		04AE70982084AAE600A3F98E /* Release */ = {
			isa = XCBuildConfiguration;
			buildSettings = {
				CODE_SIGN_STYLE = Automatic;
				INFOPLIST_FILE = audioPlayerUITests/Info.plist;
				LD_RUNPATH_SEARCH_PATHS = "$(inherited) @executable_path/Frameworks @loader_path/Frameworks";
				PRODUCT_BUNDLE_IDENTIFIER = test.audioPlayerUITests;
				PRODUCT_NAME = "$(TARGET_NAME)";
				TARGETED_DEVICE_FAMILY = "1,2";
				TEST_TARGET_NAME = audioPlayer;
			};
			name = Release;
		};
/* End XCBuildConfiguration section */

/* Begin XCConfigurationList section */
		04AE705F2084AAE600A3F98E /* Build configuration list for PBXProject "audioPlayer" */ = {
			isa = XCConfigurationList;
			buildConfigurations = (
				04AE708E2084AAE600A3F98E /* Debug */,
				04AE708F2084AAE600A3F98E /* Release */,
			);
			defaultConfigurationIsVisible = 0;
			defaultConfigurationName = Release;
		};
		04AE70902084AAE600A3F98E /* Build configuration list for PBXNativeTarget "audioPlayer" */ = {
			isa = XCConfigurationList;
			buildConfigurations = (
				04AE70912084AAE600A3F98E /* Debug */,
				04AE70922084AAE600A3F98E /* Release */,
			);
			defaultConfigurationIsVisible = 0;
			defaultConfigurationName = Release;
		};
		04AE70932084AAE600A3F98E /* Build configuration list for PBXNativeTarget "audioPlayerTests" */ = {
			isa = XCConfigurationList;
			buildConfigurations = (
				04AE70942084AAE600A3F98E /* Debug */,
				04AE70952084AAE600A3F98E /* Release */,
			);
			defaultConfigurationIsVisible = 0;
			defaultConfigurationName = Release;
		};
		04AE70962084AAE600A3F98E /* Build configuration list for PBXNativeTarget "audioPlayerUITests" */ = {
			isa = XCConfigurationList;
			buildConfigurations = (
				04AE70972084AAE600A3F98E /* Debug */,
				04AE70982084AAE600A3F98E /* Release */,
			);
			defaultConfigurationIsVisible = 0;
			defaultConfigurationName = Release;
		};
/* End XCConfigurationList section */
	};
	rootObject = 04AE705C2084AAE600A3F98E /* Project object */;
}
